Microsoft Visual Studio Solution File, Format Version 12.00
# Visual Studio Version 17
VisualStudioVersion = 17.9.34407.89
MinimumVisualStudioVersion = 10.0.40219.1
Project("{9A19103F-16F7-4668-BE54-9A1E7A4F7556}") = "ProjectAlpha.AppHost", "ProjectAlpha.AppHost\ProjectAlpha.AppHost.csproj", "{45812DF8-839C-4FCA-B6D0-2DD8ADDB1FD9}"
EndProject
Project("{9A19103F-16F7-4668-BE54-9A1E7A4F7556}") = "ProjectAlpha.ServiceDefaults", "ProjectAlpha.ServiceDefaults\ProjectAlpha.ServiceDefaults.csproj", "{0156D0E4-9AAE-471F-AF5D-B0FDE8231965}"
EndProject
Project("{2150E333-8FDC-42A3-9474-1A3956D46DE8}") = "Services", "Services", "{3715E2E9-5A77-49FF-A8D2-2AC667719A86}"
EndProject
Project("{9A19103F-16F7-4668-BE54-9A1E7A4F7556}") = "ProjectAlpha.Catalog", "ProjectAlpha.Catalog\ProjectAlpha.Catalog.csproj", "{2EA18FE2-9B16-44BC-A2C7-24F673BD6851}"
EndProject
Project("{2150E333-8FDC-42A3-9474-1A3956D46DE8}") = "Services.Tests", "Services.Tests", "{6524E899-8340-4974-AE2E-32B7055A0ADE}"
EndProject
Project("{9A19103F-16F7-4668-BE54-9A1E7A4F7556}") = "ProjectAlpha.Catalog.FunctionalTests", "ProjectAlpha.Catalog.FunctionalTests\ProjectAlpha.Catalog.FunctionalTests.csproj", "{B44C2BBF-EFA3-4A97-9A30-835467226D4F}"
EndProject
Project("{2150E333-8FDC-42A3-9474-1A3956D46DE8}") = "ReverseProxies", "ReverseProxies", "{3AF3833E-AD76-41BB-AB64-7BA97C9F6432}"
EndProject
Project("{9A19103F-16F7-4668-BE54-9A1E7A4F7556}") = "ProjectAlpha.Mobile.BFF", "ProjectAlpha.Mobile.BFF\ProjectAlpha.Mobile.BFF.csproj", "{6D1486B1-BD02-477F-BC0C-5F28D56D0EC1}"
EndProject
Project("{9A19103F-16F7-4668-BE54-9A1E7A4F7556}") = "ProjectAlpha.Restaurant", "ProjectAlpha.Restaurant\ProjectAlpha.Restaurant.csproj", "{71FE5E1C-BFA6-489D-B01A-1EB81B4190B6}"
EndProject
Project("{9A19103F-16F7-4668-BE54-9A1E7A4F7556}") = "ProjectAlpha.Restaurant.FunctionalTests", "ProjectAlpha.Restaurant.FunctionalTests\ProjectAlpha.Restaurant.FunctionalTests.csproj", "{B664FF37-3901-457E-A376-0867011B5F3E}"
EndProject
Project("{9A19103F-16F7-4668-BE54-9A1E7A4F7556}") = "ProjectAlpha.Table", "ProjectAlpha.Table\ProjectAlpha.Table.csproj", "{01012A3C-1289-4F78-9886-947699A12501}"
EndProject
Project("{2150E333-8FDC-42A3-9474-1A3956D46DE8}") = "Solution", "Solution", "{02ABFCFE-DA6E-46D3-8B18-487C33EE71CA}"
EndProject
Project("{9A19103F-16F7-4668-BE54-9A1E7A4F7556}") = "IdentityServerAspNetIdentity", "IdentityServerAspNetIdentity\IdentityServerAspNetIdentity.csproj", "{58EA1D3A-2EDB-4B81-AA6F-E0FED381C078}"
EndProject
Global
	GlobalSection(SolutionConfigurationPlatforms) = preSolution
		Debug|Any CPU = Debug|Any CPU
		Release|Any CPU = Release|Any CPU
	EndGlobalSection
	GlobalSection(ProjectConfigurationPlatforms) = postSolution
		{45812DF8-839C-4FCA-B6D0-2DD8ADDB1FD9}.Debug|Any CPU.ActiveCfg = Debug|Any CPU
		{45812DF8-839C-4FCA-B6D0-2DD8ADDB1FD9}.Debug|Any CPU.Build.0 = Debug|Any CPU
		{45812DF8-839C-4FCA-B6D0-2DD8ADDB1FD9}.Release|Any CPU.ActiveCfg = Release|Any CPU
		{45812DF8-839C-4FCA-B6D0-2DD8ADDB1FD9}.Release|Any CPU.Build.0 = Release|Any CPU
		{0156D0E4-9AAE-471F-AF5D-B0FDE8231965}.Debug|Any CPU.ActiveCfg = Debug|Any CPU
		{0156D0E4-9AAE-471F-AF5D-B0FDE8231965}.Debug|Any CPU.Build.0 = Debug|Any CPU
		{0156D0E4-9AAE-471F-AF5D-B0FDE8231965}.Release|Any CPU.ActiveCfg = Release|Any CPU
		{0156D0E4-9AAE-471F-AF5D-B0FDE8231965}.Release|Any CPU.Build.0 = Release|Any CPU
		{2EA18FE2-9B16-44BC-A2C7-24F673BD6851}.Debug|Any CPU.ActiveCfg = Debug|Any CPU
		{2EA18FE2-9B16-44BC-A2C7-24F673BD6851}.Debug|Any CPU.Build.0 = Debug|Any CPU
		{2EA18FE2-9B16-44BC-A2C7-24F673BD6851}.Release|Any CPU.ActiveCfg = Release|Any CPU
		{2EA18FE2-9B16-44BC-A2C7-24F673BD6851}.Release|Any CPU.Build.0 = Release|Any CPU
		{B44C2BBF-EFA3-4A97-9A30-835467226D4F}.Debug|Any CPU.ActiveCfg = Debug|Any CPU
		{B44C2BBF-EFA3-4A97-9A30-835467226D4F}.Debug|Any CPU.Build.0 = Debug|Any CPU
		{B44C2BBF-EFA3-4A97-9A30-835467226D4F}.Release|Any CPU.ActiveCfg = Release|Any CPU
		{B44C2BBF-EFA3-4A97-9A30-835467226D4F}.Release|Any CPU.Build.0 = Release|Any CPU
		{6D1486B1-BD02-477F-BC0C-5F28D56D0EC1}.Debug|Any CPU.ActiveCfg = Debug|Any CPU
		{6D1486B1-BD02-477F-BC0C-5F28D56D0EC1}.Debug|Any CPU.Build.0 = Debug|Any CPU
		{6D1486B1-BD02-477F-BC0C-5F28D56D0EC1}.Release|Any CPU.ActiveCfg = Release|Any CPU
		{6D1486B1-BD02-477F-BC0C-5F28D56D0EC1}.Release|Any CPU.Build.0 = Release|Any CPU
		{71FE5E1C-BFA6-489D-B01A-1EB81B4190B6}.Debug|Any CPU.ActiveCfg = Debug|Any CPU
		{71FE5E1C-BFA6-489D-B01A-1EB81B4190B6}.Debug|Any CPU.Build.0 = Debug|Any CPU
		{71FE5E1C-BFA6-489D-B01A-1EB81B4190B6}.Release|Any CPU.ActiveCfg = Release|Any CPU
		{71FE5E1C-BFA6-489D-B01A-1EB81B4190B6}.Release|Any CPU.Build.0 = Release|Any CPU
		{B664FF37-3901-457E-A376-0867011B5F3E}.Debug|Any CPU.ActiveCfg = Debug|Any CPU
		{B664FF37-3901-457E-A376-0867011B5F3E}.Debug|Any CPU.Build.0 = Debug|Any CPU
		{B664FF37-3901-457E-A376-0867011B5F3E}.Release|Any CPU.ActiveCfg = Release|Any CPU
		{B664FF37-3901-457E-A376-0867011B5F3E}.Release|Any CPU.Build.0 = Release|Any CPU
		{01012A3C-1289-4F78-9886-947699A12501}.Debug|Any CPU.ActiveCfg = Debug|Any CPU
		{01012A3C-1289-4F78-9886-947699A12501}.Debug|Any CPU.Build.0 = Debug|Any CPU
		{01012A3C-1289-4F78-9886-947699A12501}.Release|Any CPU.ActiveCfg = Release|Any CPU
		{01012A3C-1289-4F78-9886-947699A12501}.Release|Any CPU.Build.0 = Release|Any CPU
		{58EA1D3A-2EDB-4B81-AA6F-E0FED381C078}.Debug|Any CPU.ActiveCfg = Debug|Any CPU
		{58EA1D3A-2EDB-4B81-AA6F-E0FED381C078}.Debug|Any CPU.Build.0 = Debug|Any CPU
		{58EA1D3A-2EDB-4B81-AA6F-E0FED381C078}.Release|Any CPU.ActiveCfg = Release|Any CPU
		{58EA1D3A-2EDB-4B81-AA6F-E0FED381C078}.Release|Any CPU.Build.0 = Release|Any CPU
	EndGlobalSection
	GlobalSection(SolutionProperties) = preSolution
		HideSolutionNode = FALSE
	EndGlobalSection
	GlobalSection(NestedProjects) = preSolution
		{2EA18FE2-9B16-44BC-A2C7-24F673BD6851} = {3715E2E9-5A77-49FF-A8D2-2AC667719A86}
		{B44C2BBF-EFA3-4A97-9A30-835467226D4F} = {6524E899-8340-4974-AE2E-32B7055A0ADE}
		{6D1486B1-BD02-477F-BC0C-5F28D56D0EC1} = {3AF3833E-AD76-41BB-AB64-7BA97C9F6432}
		{71FE5E1C-BFA6-489D-B01A-1EB81B4190B6} = {3715E2E9-5A77-49FF-A8D2-2AC667719A86}
		{B664FF37-3901-457E-A376-0867011B5F3E} = {6524E899-8340-4974-AE2E-32B7055A0ADE}
		{01012A3C-1289-4F78-9886-947699A12501} = {3715E2E9-5A77-49FF-A8D2-2AC667719A86}
	EndGlobalSection
	GlobalSection(ExtensibilityGlobals) = postSolution
		SolutionGuid = {393B4E19-3357-421D-9034-4EAE02E51D58}
	EndGlobalSection
EndGlobal
